<?xml version="1.0" encoding="utf-8"?>
<Project ToolsVersion="4.0" xmlns="http://schemas.microsoft.com/developer/msbuild/2003">
  <ItemGroup>
    <Filter Include="소스 파일">
      <UniqueIdentifier>{4FC737F1-C7A5-4376-A066-2A32D752A2FF}</UniqueIdentifier>
      <Extensions>cpp;c;cc;cxx;c++;cppm;ixx;def;odl;idl;hpj;bat;asm;asmx</Extensions>
    </Filter>
    <Filter Include="리소스 파일">
      <UniqueIdentifier>{67DA6AB6-F800-4c08-8B7A-83BB121AAD01}</UniqueIdentifier>
      <Extensions>rc;ico;cur;bmp;dlg;rc2;rct;bin;rgs;gif;jpg;jpeg;jpe;resx;tiff;tif;png;wav;mfcribbon-ms</Extensions>
    </Filter>
    <Filter Include="소스 파일\99. Headers">
      <UniqueIdentifier>{ba2e96f3-c76b-4822-a752-a6d9197fd0bc}</UniqueIdentifier>
    </Filter>
    <Filter Include="소스 파일\01. Main">
      <UniqueIdentifier>{bd57b81e-82bd-435b-abea-b215191eaa49}</UniqueIdentifier>
    </Filter>
    <Filter Include="소스 파일\99. Headers\Andromeda">
      <UniqueIdentifier>{694fd2b7-6b98-4c2d-b89c-e416ceec34c1}</UniqueIdentifier>
    </Filter>
    <Filter Include="소스 파일\98. Shaders">
      <UniqueIdentifier>{7a9ab2b2-4c61-411e-93a1-113cc3d7e49b}</UniqueIdentifier>
    </Filter>
    <Filter Include="소스 파일\00_Engine">
      <UniqueIdentifier>{4861b35d-fe1d-48e9-b669-eddb62e35942}</UniqueIdentifier>
    </Filter>
    <Filter Include="소스 파일\00_Engine\Pipeline">
      <UniqueIdentifier>{cef63e6a-5db5-46a5-9618-95c8205e3f10}</UniqueIdentifier>
    </Filter>
    <Filter Include="소스 파일\00_Engine\Pipeline\00.Geometry">
      <UniqueIdentifier>{a0e6b6d4-385f-4a1c-97f1-f6248aa6e830}</UniqueIdentifier>
    </Filter>
    <Filter Include="소스 파일\00_Engine\Pipeline\02.VertexShader">
      <UniqueIdentifier>{29b9fe9d-f040-4c80-8b31-837650e03cb7}</UniqueIdentifier>
    </Filter>
    <Filter Include="소스 파일\00_Engine\Pipeline\03.Rasterizer">
      <UniqueIdentifier>{fd1d146b-1538-4456-9052-9e988756eaec}</UniqueIdentifier>
    </Filter>
    <Filter Include="소스 파일\00_Engine\Pipeline\04.PixelShader">
      <UniqueIdentifier>{e656bd7a-abd2-47af-9225-8ad047013c30}</UniqueIdentifier>
    </Filter>
    <Filter Include="소스 파일\00_Engine\Pipeline\05.OutputMerger">
      <UniqueIdentifier>{d1255585-9ed0-4150-92f6-352b40722e49}</UniqueIdentifier>
    </Filter>
    <Filter Include="소스 파일\00_Engine\Pipeline\01.inputAssembler">
      <UniqueIdentifier>{ea42a515-2cf9-4a97-85bd-0cd400a09a9b}</UniqueIdentifier>
    </Filter>
    <Filter Include="소스 파일\00_Engine\GameObject">
      <UniqueIdentifier>{67e23f84-3a74-4520-b926-155901b1a69d}</UniqueIdentifier>
    </Filter>
    <Filter Include="소스 파일\00_Engine\Component">
      <UniqueIdentifier>{614f95e6-2f20-4170-bd33-99187b4386cf}</UniqueIdentifier>
    </Filter>
    <Filter Include="소스 파일\00_Engine\Component\Animation">
      <UniqueIdentifier>{be6063bc-c316-4316-8874-8d42af655468}</UniqueIdentifier>
    </Filter>
    <Filter Include="소스 파일\00_Engine\Component\Camera">
      <UniqueIdentifier>{665d40aa-3c1b-41a5-a898-d3e26283a4dc}</UniqueIdentifier>
    </Filter>
    <Filter Include="소스 파일\00_Engine\Component\Rendering">
      <UniqueIdentifier>{60c0bbee-365a-4593-8854-7cd0d58ab81f}</UniqueIdentifier>
    </Filter>
    <Filter Include="소스 파일\00_Engine\Manager">
      <UniqueIdentifier>{e031cfc3-3a34-40dc-a505-24e61ccdc0bd}</UniqueIdentifier>
    </Filter>
    <Filter Include="소스 파일\00_Engine\Manager\Input">
      <UniqueIdentifier>{0ef4519c-b26a-43de-b4d1-bf2d4b57a853}</UniqueIdentifier>
    </Filter>
    <Filter Include="소스 파일\00_Engine\Manager\Time">
      <UniqueIdentifier>{573d302a-77d6-4154-b912-30e8372a60ee}</UniqueIdentifier>
    </Filter>
    <Filter Include="소스 파일\00_Engine\Manager\Scene">
      <UniqueIdentifier>{cb5c1915-1c03-4fe0-ba52-9e704b9fa18c}</UniqueIdentifier>
    </Filter>
    <Filter Include="소스 파일\00_Engine\Manager\Resource">
      <UniqueIdentifier>{f3c4feba-ffaa-4e67-99fe-462b766ac466}</UniqueIdentifier>
    </Filter>
    <Filter Include="소스 파일\00_Engine\Resource">
      <UniqueIdentifier>{2d1119ee-166e-43ed-825c-2fd13d49721a}</UniqueIdentifier>
    </Filter>
  </ItemGroup>
  <ItemGroup>
    <ClInclude Include="pch.h">
      <Filter>소스 파일\99. Headers</Filter>
    </ClInclude>
    <ClInclude Include="targetver.h">
      <Filter>소스 파일\99. Headers\Andromeda</Filter>
    </ClInclude>
    <ClInclude Include="Resource.h">
      <Filter>소스 파일\99. Headers\Andromeda</Filter>
    </ClInclude>
    <ClInclude Include="framework.h">
      <Filter>소스 파일\99. Headers\Andromeda</Filter>
    </ClInclude>
    <ClInclude Include="Struct.h">
      <Filter>소스 파일\99. Headers</Filter>
    </ClInclude>
    <ClInclude Include="Types.h">
      <Filter>소스 파일\99. Headers</Filter>
    </ClInclude>
    <ClInclude Include="Game.h">
      <Filter>소스 파일\01. Main</Filter>
    </ClInclude>
    <ClInclude Include="GameCoding.h">
      <Filter>소스 파일\01. Main</Filter>
    </ClInclude>
    <ClInclude Include="Graphics.h">
      <Filter>소스 파일\00_Engine\Pipeline</Filter>
    </ClInclude>
    <ClInclude Include="IndexBuffer.h">
      <Filter>소스 파일\00_Engine\Pipeline\01.inputAssembler</Filter>
    </ClInclude>
    <ClInclude Include="InputLayout.h">
      <Filter>소스 파일\00_Engine\Pipeline\01.inputAssembler</Filter>
    </ClInclude>
    <ClInclude Include="VertexBuffer.h">
      <Filter>소스 파일\00_Engine\Pipeline\01.inputAssembler</Filter>
    </ClInclude>
    <ClInclude Include="Geometry.h">
      <Filter>소스 파일\00_Engine\Pipeline\00.Geometry</Filter>
    </ClInclude>
    <ClInclude Include="GeometryHelper.h">
      <Filter>소스 파일\00_Engine\Pipeline\00.Geometry</Filter>
    </ClInclude>
    <ClInclude Include="VertexData.h">
      <Filter>소스 파일\00_Engine\Pipeline\00.Geometry</Filter>
    </ClInclude>
    <ClInclude Include="ShaderBase.h">
      <Filter>소스 파일\00_Engine\Pipeline\02.VertexShader</Filter>
    </ClInclude>
    <ClInclude Include="ConstantBuffer.h">
      <Filter>소스 파일\00_Engine\Pipeline\02.VertexShader</Filter>
    </ClInclude>
    <ClInclude Include="RasterizerState.h">
      <Filter>소스 파일\00_Engine\Pipeline\03.Rasterizer</Filter>
    </ClInclude>
    <ClInclude Include="SamplerState.h">
      <Filter>소스 파일\00_Engine\Pipeline\04.PixelShader</Filter>
    </ClInclude>
    <ClInclude Include="BlendState.h">
      <Filter>소스 파일\00_Engine\Pipeline\05.OutputMerger</Filter>
    </ClInclude>
    <ClInclude Include="Pipeline.h">
      <Filter>소스 파일\00_Engine\Pipeline</Filter>
    </ClInclude>
    <ClInclude Include="GameObject.h">
      <Filter>소스 파일\00_Engine\GameObject</Filter>
    </ClInclude>
    <ClInclude Include="Component.h">
      <Filter>소스 파일\00_Engine\Component</Filter>
    </ClInclude>
    <ClInclude Include="Transform.h">
      <Filter>소스 파일\00_Engine\Component</Filter>
    </ClInclude>
    <ClInclude Include="Values.h">
      <Filter>소스 파일\99. Headers</Filter>
    </ClInclude>
    <ClInclude Include="MonoBehaviour.h">
      <Filter>소스 파일\00_Engine\Component</Filter>
    </ClInclude>
    <ClInclude Include="Camera.h">
      <Filter>소스 파일\00_Engine\Component\Camera</Filter>
    </ClInclude>
    <ClInclude Include="MeshRenderer.h">
      <Filter>소스 파일\00_Engine\Component\Rendering</Filter>
    </ClInclude>
    <ClInclude Include="Scene.h">
      <Filter>소스 파일\00_Engine\Manager\Scene</Filter>
    </ClInclude>
    <ClInclude Include="SceneManager.h">
      <Filter>소스 파일\00_Engine\Manager\Scene</Filter>
    </ClInclude>
    <ClInclude Include="InputManager.h">
      <Filter>소스 파일\00_Engine\Manager\Input</Filter>
    </ClInclude>
    <ClInclude Include="TimeManager.h">
      <Filter>소스 파일\00_Engine\Manager\Time</Filter>
    </ClInclude>
    <ClInclude Include="ResourceManager.h">
      <Filter>소스 파일\00_Engine\Manager\Resource</Filter>
    </ClInclude>
    <ClInclude Include="ResourceBase.h">
      <Filter>소스 파일\00_Engine\Manager\Resource</Filter>
    </ClInclude>
    <ClInclude Include="Texture.h">
      <Filter>소스 파일\00_Engine\Resource</Filter>
    </ClInclude>
  </ItemGroup>
  <ItemGroup>
    <ResourceCompile Include="GameCoding.rc">
      <Filter>리소스 파일</Filter>
    </ResourceCompile>
  </ItemGroup>
  <ItemGroup>
    <Image Include="small.ico">
      <Filter>리소스 파일</Filter>
    </Image>
    <Image Include="GameCoding.ico">
      <Filter>리소스 파일</Filter>
    </Image>
  </ItemGroup>
  <ItemGroup>
    <ClCompile Include="pch.cpp">
      <Filter>소스 파일\99. Headers</Filter>
    </ClCompile>
    <ClCompile Include="Game.cpp">
      <Filter>소스 파일\01. Main</Filter>
    </ClCompile>
    <ClCompile Include="GameCoding.cpp">
      <Filter>소스 파일\01. Main</Filter>
    </ClCompile>
    <ClCompile Include="Graphics.cpp">
      <Filter>소스 파일\00_Engine\Pipeline</Filter>
    </ClCompile>
    <ClCompile Include="IndexBuffer.cpp">
      <Filter>소스 파일\00_Engine\Pipeline\01.inputAssembler</Filter>
    </ClCompile>
    <ClCompile Include="InputLayout.cpp">
      <Filter>소스 파일\00_Engine\Pipeline\01.inputAssembler</Filter>
    </ClCompile>
    <ClCompile Include="VertexBuffer.cpp">
      <Filter>소스 파일\00_Engine\Pipeline\01.inputAssembler</Filter>
    </ClCompile>
    <ClCompile Include="Geometry.cpp">
      <Filter>소스 파일\00_Engine\Pipeline\00.Geometry</Filter>
    </ClCompile>
    <ClCompile Include="GeometryHelper.cpp">
      <Filter>소스 파일\00_Engine\Pipeline\00.Geometry</Filter>
    </ClCompile>
    <ClCompile Include="VertexData.cpp">
      <Filter>소스 파일\00_Engine\Pipeline\00.Geometry</Filter>
    </ClCompile>
    <ClCompile Include="ShaderBase.cpp">
      <Filter>소스 파일\00_Engine\Pipeline\02.VertexShader</Filter>
    </ClCompile>
    <ClCompile Include="ConstantBuffer.cpp">
      <Filter>소스 파일\00_Engine\Pipeline\02.VertexShader</Filter>
    </ClCompile>
    <ClCompile Include="RasterizerState.cpp">
      <Filter>소스 파일\00_Engine\Pipeline\03.Rasterizer</Filter>
    </ClCompile>
    <ClCompile Include="SamplerState.cpp">
      <Filter>소스 파일\00_Engine\Pipeline\04.PixelShader</Filter>
    </ClCompile>
    <ClCompile Include="BlendState.cpp">
      <Filter>소스 파일\00_Engine\Pipeline\05.OutputMerger</Filter>
    </ClCompile>
    <ClCompile Include="Pipeline.cpp">
      <Filter>소스 파일\00_Engine\Pipeline</Filter>
    </ClCompile>
    <ClCompile Include="GameObject.cpp">
      <Filter>소스 파일\00_Engine\GameObject</Filter>
    </ClCompile>
    <ClCompile Include="Component.cpp">
      <Filter>소스 파일\00_Engine\Component</Filter>
    </ClCompile>
    <ClCompile Include="Transform.cpp">
      <Filter>소스 파일\00_Engine\Component</Filter>
    </ClCompile>
    <ClCompile Include="MonoBehaviour.cpp">
      <Filter>소스 파일\00_Engine\Component</Filter>
    </ClCompile>
    <ClCompile Include="Camera.cpp">
      <Filter>소스 파일\00_Engine\Component\Camera</Filter>
    </ClCompile>
    <ClCompile Include="MeshRenderer.cpp">
      <Filter>소스 파일\00_Engine\Component\Rendering</Filter>
    </ClCompile>
    <ClCompile Include="Scene.cpp">
      <Filter>소스 파일\00_Engine\Manager\Scene</Filter>
    </ClCompile>
    <ClCompile Include="SceneManager.cpp">
      <Filter>소스 파일\00_Engine\Manager\Scene</Filter>
    </ClCompile>
    <ClCompile Include="InputManager.cpp">
      <Filter>소스 파일\00_Engine\Manager\Input</Filter>
    </ClCompile>
    <ClCompile Include="TimeManager.cpp">
      <Filter>소스 파일\00_Engine\Manager\Time</Filter>
    </ClCompile>
    <ClCompile Include="ResourceManager.cpp">
      <Filter>소스 파일\00_Engine\Manager\Resource</Filter>
    </ClCompile>
    <ClCompile Include="ResourceBase.cpp">
      <Filter>소스 파일\00_Engine\Manager\Resource</Filter>
    </ClCompile>
    <ClCompile Include="Texture.cpp">
      <Filter>소스 파일\00_Engine\Resource</Filter>
    </ClCompile>
  </ItemGroup>
  <ItemGroup>
    <FxCompile Include="Default.hlsl">
      <Filter>소스 파일\98. Shaders</Filter>
    </FxCompile>
    <FxCompile Include="Color.hlsl">
      <Filter>소스 파일\98. Shaders</Filter>
    </FxCompile>
  </ItemGroup>
</Project>